<?xml version="1.0"?>
<Project ToolsVersion="4.0" xmlns="http://schemas.microsoft.com/developer/msbuild/2003">
	<ItemGroup>
		<ClCompile Include="src\ofApp.cpp">
			<Filter>src</Filter>
		</ClCompile>
		<ClCompile Include="src\main.cpp">
			<Filter>src</Filter>
		</ClCompile>
		<ClCompile Include="src\customLight.cpp">
			<Filter>src</Filter>
		</ClCompile>
		<ClCompile Include="src\main.cpp">
			<Filter>src</Filter>
		</ClCompile>
		<ClCompile Include="src\ofApp.cpp">
			<Filter>src</Filter>
		</ClCompile>
		<ClCompile Include="src\rcpCam.cpp">
			<Filter>src</Filter>
		</ClCompile>
		<ClCompile Include="..\..\..\addons\ofxGLM\src\ofxGLM.cpp">
			<Filter>addons\ofxGLM\src</Filter>
		</ClCompile>
		<ClCompile Include="..\..\..\addons\ofxGui\src\ofxBaseGui.cpp">
			<Filter>addons\ofxGui\src</Filter>
		</ClCompile>
		<ClCompile Include="..\..\..\addons\ofxGui\src\ofxButton.cpp">
			<Filter>addons\ofxGui\src</Filter>
		</ClCompile>
		<ClCompile Include="..\..\..\addons\ofxGui\src\ofxGuiGroup.cpp">
			<Filter>addons\ofxGui\src</Filter>
		</ClCompile>
		<ClCompile Include="..\..\..\addons\ofxGui\src\ofxLabel.cpp">
			<Filter>addons\ofxGui\src</Filter>
		</ClCompile>
		<ClCompile Include="..\..\..\addons\ofxGui\src\ofxPanel.cpp">
			<Filter>addons\ofxGui\src</Filter>
		</ClCompile>
		<ClCompile Include="..\..\..\addons\ofxGui\src\ofxSlider.cpp">
			<Filter>addons\ofxGui\src</Filter>
		</ClCompile>
		<ClCompile Include="..\..\..\addons\ofxGui\src\ofxSliderGroup.cpp">
			<Filter>addons\ofxGui\src</Filter>
		</ClCompile>
		<ClCompile Include="..\..\..\addons\ofxGui\src\ofxToggle.cpp">
			<Filter>addons\ofxGui\src</Filter>
		</ClCompile>
		<ClCompile Include="..\..\..\addons\ofxPostProcessing\src\BleachBypassPass.cpp">
			<Filter>addons\ofxPostProcessing\src</Filter>
		</ClCompile>
		<ClCompile Include="..\..\..\addons\ofxPostProcessing\src\BloomPass.cpp">
			<Filter>addons\ofxPostProcessing\src</Filter>
		</ClCompile>
		<ClCompile Include="..\..\..\addons\ofxPostProcessing\src\ContrastPass.cpp">
			<Filter>addons\ofxPostProcessing\src</Filter>
		</ClCompile>
		<ClCompile Include="..\..\..\addons\ofxPostProcessing\src\ConvolutionPass.cpp">
			<Filter>addons\ofxPostProcessing\src</Filter>
		</ClCompile>
		<ClCompile Include="..\..\..\addons\ofxPostProcessing\src\DofAltPass.cpp">
			<Filter>addons\ofxPostProcessing\src</Filter>
		</ClCompile>
		<ClCompile Include="..\..\..\addons\ofxPostProcessing\src\DofPass.cpp">
			<Filter>addons\ofxPostProcessing\src</Filter>
		</ClCompile>
		<ClCompile Include="..\..\..\addons\ofxPostProcessing\src\EdgePass.cpp">
			<Filter>addons\ofxPostProcessing\src</Filter>
		</ClCompile>
		<ClCompile Include="..\..\..\addons\ofxPostProcessing\src\FakeSSSPass.cpp">
			<Filter>addons\ofxPostProcessing\src</Filter>
		</ClCompile>
		<ClCompile Include="..\..\..\addons\ofxPostProcessing\src\FxaaPass.cpp">
			<Filter>addons\ofxPostProcessing\src</Filter>
		</ClCompile>
		<ClCompile Include="..\..\..\addons\ofxPostProcessing\src\GodRaysPass.cpp">
			<Filter>addons\ofxPostProcessing\src</Filter>
		</ClCompile>
		<ClCompile Include="..\..\..\addons\ofxPostProcessing\src\HorizontalTiltShifPass.cpp">
			<Filter>addons\ofxPostProcessing\src</Filter>
		</ClCompile>
		<ClCompile Include="..\..\..\addons\ofxPostProcessing\src\HsbShiftPass.cpp">
			<Filter>addons\ofxPostProcessing\src</Filter>
		</ClCompile>
		<ClCompile Include="..\..\..\addons\ofxPostProcessing\src\KaleidoscopePass.cpp">
			<Filter>addons\ofxPostProcessing\src</Filter>
		</ClCompile>
		<ClCompile Include="..\..\..\addons\ofxPostProcessing\src\LimbDarkeningPass.cpp">
			<Filter>addons\ofxPostProcessing\src</Filter>
		</ClCompile>
		<ClCompile Include="..\..\..\addons\ofxPostProcessing\src\LUTPass.cpp">
			<Filter>addons\ofxPostProcessing\src</Filter>
		</ClCompile>
		<ClCompile Include="..\..\..\addons\ofxPostProcessing\src\NoiseWarpPass.cpp">
			<Filter>addons\ofxPostProcessing\src</Filter>
		</ClCompile>
		<ClCompile Include="..\..\..\addons\ofxPostProcessing\src\PixelatePass.cpp">
			<Filter>addons\ofxPostProcessing\src</Filter>
		</ClCompile>
		<ClCompile Include="..\..\..\addons\ofxPostProcessing\src\PostProcessing.cpp">
			<Filter>addons\ofxPostProcessing\src</Filter>
		</ClCompile>
		<ClCompile Include="..\..\..\addons\ofxPostProcessing\src\RenderPass.cpp">
			<Filter>addons\ofxPostProcessing\src</Filter>
		</ClCompile>
		<ClCompile Include="..\..\..\addons\ofxPostProcessing\src\RGBShiftPass.cpp">
			<Filter>addons\ofxPostProcessing\src</Filter>
		</ClCompile>
		<ClCompile Include="..\..\..\addons\ofxPostProcessing\src\RimHighlightingPass.cpp">
			<Filter>addons\ofxPostProcessing\src</Filter>
		</ClCompile>
		<ClCompile Include="..\..\..\addons\ofxPostProcessing\src\SSAOPass.cpp">
			<Filter>addons\ofxPostProcessing\src</Filter>
		</ClCompile>
		<ClCompile Include="..\..\..\addons\ofxPostProcessing\src\ToonPass.cpp">
			<Filter>addons\ofxPostProcessing\src</Filter>
		</ClCompile>
		<ClCompile Include="..\..\..\addons\ofxPostProcessing\src\VerticalTiltShifPass.cpp">
			<Filter>addons\ofxPostProcessing\src</Filter>
		</ClCompile>
		<ClCompile Include="..\..\..\addons\ofxPostProcessing\src\ZoomBlurPass.cpp">
			<Filter>addons\ofxPostProcessing\src</Filter>
		</ClCompile>
	</ItemGroup>
	<ItemGroup>
		<Filter Include="src">
			<UniqueIdentifier>{d8376475-7454-4a24-b08a-aac121d3ad6f}</UniqueIdentifier>
		</Filter>
		<Filter Include="addons">
			<UniqueIdentifier>{71834F65-F3A9-211E-73B8-DC85}</UniqueIdentifier>
		</Filter>
		<Filter Include="addons\ofxGLM">
			<UniqueIdentifier>{97D0183D-4158-7F3A-59D1-6987}</UniqueIdentifier>
		</Filter>
		<Filter Include="addons\ofxGLM\src">
			<UniqueIdentifier>{96CAED5C-1A10-7B8C-9289-D40E}</UniqueIdentifier>
		</Filter>
		<Filter Include="addons\ofxGLM\libs">
			<UniqueIdentifier>{68F632E6-412D-A5E3-A9FD-C851}</UniqueIdentifier>
		</Filter>
		<Filter Include="addons\ofxGLM\libs\glm">
			<UniqueIdentifier>{2791E2BC-F8A5-20DF-5D80-6416}</UniqueIdentifier>
		</Filter>
		<Filter Include="addons\ofxGLM\libs\glm\core">
			<UniqueIdentifier>{15464360-39F1-5CD1-9E8F-05FE}</UniqueIdentifier>
		</Filter>
		<Filter Include="addons\ofxGLM\libs\glm\gtc">
			<UniqueIdentifier>{37D68880-6461-3EC8-B0C7-4D27}</UniqueIdentifier>
		</Filter>
		<Filter Include="addons\ofxGLM\libs\glm\gtx">
			<UniqueIdentifier>{53529B72-08B3-D6B2-D52C-C63F}</UniqueIdentifier>
		</Filter>
		<Filter Include="addons\ofxGLM\libs\glm\virtrev">
			<UniqueIdentifier>{A6E8E0FA-0CC4-B91D-9A89-9A3B}</UniqueIdentifier>
		</Filter>
		<Filter Include="addons\ofxGui">
			<UniqueIdentifier>{4F2A59AF-5F4E-704B-D067-EC13}</UniqueIdentifier>
		</Filter>
		<Filter Include="addons\ofxGui\src">
			<UniqueIdentifier>{645E9533-4DCD-6179-1CDF-CB65}</UniqueIdentifier>
		</Filter>
		<Filter Include="addons\ofxPostProcessing">
			<UniqueIdentifier>{AB514210-24FF-87A6-AE4B-9AE5}</UniqueIdentifier>
		</Filter>
		<Filter Include="addons\ofxPostProcessing\src">
			<UniqueIdentifier>{8E4D751F-6272-927D-3C6E-AFCE}</UniqueIdentifier>
		</Filter>
	</ItemGroup>
	<ItemGroup>
		<ClInclude Include="src\ofApp.h">
			<Filter>src</Filter>
		</ClInclude>
		<ClInclude Include="src\customLight.h">
			<Filter>src</Filter>
		</ClInclude>
		<ClInclude Include="src\ofApp.h">
			<Filter>src</Filter>
		</ClInclude>
		<ClInclude Include="src\rcpCam.h">
			<Filter>src</Filter>
		</ClInclude>
		<ClInclude Include="..\..\..\addons\ofxGLM\src\ofxGLM.h">
			<Filter>addons\ofxGLM\src</Filter>
		</ClInclude>
		<ClInclude Include="..\..\..\addons\ofxGLM\libs\glm\core\func_common.hpp">
			<Filter>addons\ofxGLM\libs\glm\core</Filter>
		</ClInclude>
		<ClInclude Include="..\..\..\addons\ofxGLM\libs\glm\core\func_exponential.hpp">
			<Filter>addons\ofxGLM\libs\glm\core</Filter>
		</ClInclude>
		<ClInclude Include="..\..\..\addons\ofxGLM\libs\glm\core\func_geometric.hpp">
			<Filter>addons\ofxGLM\libs\glm\core</Filter>
		</ClInclude>
		<ClInclude Include="..\..\..\addons\ofxGLM\libs\glm\core\func_integer.hpp">
			<Filter>addons\ofxGLM\libs\glm\core</Filter>
		</ClInclude>
		<ClInclude Include="..\..\..\addons\ofxGLM\libs\glm\core\func_matrix.hpp">
			<Filter>addons\ofxGLM\libs\glm\core</Filter>
		</ClInclude>
		<ClInclude Include="..\..\..\addons\ofxGLM\libs\glm\core\func_noise.hpp">
			<Filter>addons\ofxGLM\libs\glm\core</Filter>
		</ClInclude>
		<ClInclude Include="..\..\..\addons\ofxGLM\libs\glm\core\func_packing.hpp">
			<Filter>addons\ofxGLM\libs\glm\core</Filter>
		</ClInclude>
		<ClInclude Include="..\..\..\addons\ofxGLM\libs\glm\core\func_trigonometric.hpp">
			<Filter>addons\ofxGLM\libs\glm\core</Filter>
		</ClInclude>
		<ClInclude Include="..\..\..\addons\ofxGLM\libs\glm\core\func_vector_relational.hpp">
			<Filter>addons\ofxGLM\libs\glm\core</Filter>
		</ClInclude>
		<ClInclude Include="..\..\..\addons\ofxGLM\libs\glm\core\hint.hpp">
			<Filter>addons\ofxGLM\libs\glm\core</Filter>
		</ClInclude>
		<ClInclude Include="..\..\..\addons\ofxGLM\libs\glm\core\intrinsic_common.hpp">
			<Filter>addons\ofxGLM\libs\glm\core</Filter>
		</ClInclude>
		<ClInclude Include="..\..\..\addons\ofxGLM\libs\glm\core\intrinsic_exponential.hpp">
			<Filter>addons\ofxGLM\libs\glm\core</Filter>
		</ClInclude>
		<ClInclude Include="..\..\..\addons\ofxGLM\libs\glm\core\intrinsic_geometric.hpp">
			<Filter>addons\ofxGLM\libs\glm\core</Filter>
		</ClInclude>
		<ClInclude Include="..\..\..\addons\ofxGLM\libs\glm\core\intrinsic_matrix.hpp">
			<Filter>addons\ofxGLM\libs\glm\core</Filter>
		</ClInclude>
		<ClInclude Include="..\..\..\addons\ofxGLM\libs\glm\core\intrinsic_trigonometric.hpp">
			<Filter>addons\ofxGLM\libs\glm\core</Filter>
		</ClInclude>
		<ClInclude Include="..\..\..\addons\ofxGLM\libs\glm\core\intrinsic_vector_relational.hpp">
			<Filter>addons\ofxGLM\libs\glm\core</Filter>
		</ClInclude>
		<ClInclude Include="..\..\..\addons\ofxGLM\libs\glm\core\setup.hpp">
			<Filter>addons\ofxGLM\libs\glm\core</Filter>
		</ClInclude>
		<ClInclude Include="..\..\..\addons\ofxGLM\libs\glm\core\type.hpp">
			<Filter>addons\ofxGLM\libs\glm\core</Filter>
		</ClInclude>
		<ClInclude Include="..\..\..\addons\ofxGLM\libs\glm\core\type_float.hpp">
			<Filter>addons\ofxGLM\libs\glm\core</Filter>
		</ClInclude>
		<ClInclude Include="..\..\..\addons\ofxGLM\libs\glm\core\type_gentype.hpp">
			<Filter>addons\ofxGLM\libs\glm\core</Filter>
		</ClInclude>
		<ClInclude Include="..\..\..\addons\ofxGLM\libs\glm\core\type_half.hpp">
			<Filter>addons\ofxGLM\libs\glm\core</Filter>
		</ClInclude>
		<ClInclude Include="..\..\..\addons\ofxGLM\libs\glm\core\type_int.hpp">
			<Filter>addons\ofxGLM\libs\glm\core</Filter>
		</ClInclude>
		<ClInclude Include="..\..\..\addons\ofxGLM\libs\glm\core\type_mat.hpp">
			<Filter>addons\ofxGLM\libs\glm\core</Filter>
		</ClInclude>
		<ClInclude Include="..\..\..\addons\ofxGLM\libs\glm\core\type_mat2x2.hpp">
			<Filter>addons\ofxGLM\libs\glm\core</Filter>
		</ClInclude>
		<ClInclude Include="..\..\..\addons\ofxGLM\libs\glm\core\type_mat2x3.hpp">
			<Filter>addons\ofxGLM\libs\glm\core</Filter>
		</ClInclude>
		<ClInclude Include="..\..\..\addons\ofxGLM\libs\glm\core\type_mat2x4.hpp">
			<Filter>addons\ofxGLM\libs\glm\core</Filter>
		</ClInclude>
		<ClInclude Include="..\..\..\addons\ofxGLM\libs\glm\core\type_mat3x2.hpp">
			<Filter>addons\ofxGLM\libs\glm\core</Filter>
		</ClInclude>
		<ClInclude Include="..\..\..\addons\ofxGLM\libs\glm\core\type_mat3x3.hpp">
			<Filter>addons\ofxGLM\libs\glm\core</Filter>
		</ClInclude>
		<ClInclude Include="..\..\..\addons\ofxGLM\libs\glm\core\type_mat3x4.hpp">
			<Filter>addons\ofxGLM\libs\glm\core</Filter>
		</ClInclude>
		<ClInclude Include="..\..\..\addons\ofxGLM\libs\glm\core\type_mat4x2.hpp">
			<Filter>addons\ofxGLM\libs\glm\core</Filter>
		</ClInclude>
		<ClInclude Include="..\..\..\addons\ofxGLM\libs\glm\core\type_mat4x3.hpp">
			<Filter>addons\ofxGLM\libs\glm\core</Filter>
		</ClInclude>
		<ClInclude Include="..\..\..\addons\ofxGLM\libs\glm\core\type_mat4x4.hpp">
			<Filter>addons\ofxGLM\libs\glm\core</Filter>
		</ClInclude>
		<ClInclude Include="..\..\..\addons\ofxGLM\libs\glm\core\type_size.hpp">
			<Filter>addons\ofxGLM\libs\glm\core</Filter>
		</ClInclude>
		<ClInclude Include="..\..\..\addons\ofxGLM\libs\glm\core\type_vec.hpp">
			<Filter>addons\ofxGLM\libs\glm\core</Filter>
		</ClInclude>
		<ClInclude Include="..\..\..\addons\ofxGLM\libs\glm\core\type_vec1.hpp">
			<Filter>addons\ofxGLM\libs\glm\core</Filter>
		</ClInclude>
		<ClInclude Include="..\..\..\addons\ofxGLM\libs\glm\core\type_vec2.hpp">
			<Filter>addons\ofxGLM\libs\glm\core</Filter>
		</ClInclude>
		<ClInclude Include="..\..\..\addons\ofxGLM\libs\glm\core\type_vec3.hpp">
			<Filter>addons\ofxGLM\libs\glm\core</Filter>
		</ClInclude>
		<ClInclude Include="..\..\..\addons\ofxGLM\libs\glm\core\type_vec4.hpp">
			<Filter>addons\ofxGLM\libs\glm\core</Filter>
		</ClInclude>
		<ClInclude Include="..\..\..\addons\ofxGLM\libs\glm\core\_detail.hpp">
			<Filter>addons\ofxGLM\libs\glm\core</Filter>
		</ClInclude>
		<ClInclude Include="..\..\..\addons\ofxGLM\libs\glm\core\_fixes.hpp">
			<Filter>addons\ofxGLM\libs\glm\core</Filter>
		</ClInclude>
		<ClInclude Include="..\..\..\addons\ofxGLM\libs\glm\core\_swizzle.hpp">
			<Filter>addons\ofxGLM\libs\glm\core</Filter>
		</ClInclude>
		<ClInclude Include="..\..\..\addons\ofxGLM\libs\glm\core\_swizzle_func.hpp">
			<Filter>addons\ofxGLM\libs\glm\core</Filter>
		</ClInclude>
		<ClInclude Include="..\..\..\addons\ofxGLM\libs\glm\core\_vectorize.hpp">
			<Filter>addons\ofxGLM\libs\glm\core</Filter>
		</ClInclude>
		<ClInclude Include="..\..\..\addons\ofxGLM\libs\glm\ext.hpp">
			<Filter>addons\ofxGLM\libs\glm</Filter>
		</ClInclude>
		<ClInclude Include="..\..\..\addons\ofxGLM\libs\glm\glm.hpp">
			<Filter>addons\ofxGLM\libs\glm</Filter>
		</ClInclude>
		<ClInclude Include="..\..\..\addons\ofxGLM\libs\glm\gtc\constants.hpp">
			<Filter>addons\ofxGLM\libs\glm\gtc</Filter>
		</ClInclude>
		<ClInclude Include="..\..\..\addons\ofxGLM\libs\glm\gtc\epsilon.hpp">
			<Filter>addons\ofxGLM\libs\glm\gtc</Filter>
		</ClInclude>
		<ClInclude Include="..\..\..\addons\ofxGLM\libs\glm\gtc\half_float.hpp">
			<Filter>addons\ofxGLM\libs\glm\gtc</Filter>
		</ClInclude>
		<ClInclude Include="..\..\..\addons\ofxGLM\libs\glm\gtc\matrix_access.hpp">
			<Filter>addons\ofxGLM\libs\glm\gtc</Filter>
		</ClInclude>
		<ClInclude Include="..\..\..\addons\ofxGLM\libs\glm\gtc\matrix_integer.hpp">
			<Filter>addons\ofxGLM\libs\glm\gtc</Filter>
		</ClInclude>
		<ClInclude Include="..\..\..\addons\ofxGLM\libs\glm\gtc\matrix_inverse.hpp">
			<Filter>addons\ofxGLM\libs\glm\gtc</Filter>
		</ClInclude>
		<ClInclude Include="..\..\..\addons\ofxGLM\libs\glm\gtc\matrix_transform.hpp">
			<Filter>addons\ofxGLM\libs\glm\gtc</Filter>
		</ClInclude>
		<ClInclude Include="..\..\..\addons\ofxGLM\libs\glm\gtc\noise.hpp">
			<Filter>addons\ofxGLM\libs\glm\gtc</Filter>
		</ClInclude>
		<ClInclude Include="..\..\..\addons\ofxGLM\libs\glm\gtc\quaternion.hpp">
			<Filter>addons\ofxGLM\libs\glm\gtc</Filter>
		</ClInclude>
		<ClInclude Include="..\..\..\addons\ofxGLM\libs\glm\gtc\random.hpp">
			<Filter>addons\ofxGLM\libs\glm\gtc</Filter>
		</ClInclude>
		<ClInclude Include="..\..\..\addons\ofxGLM\libs\glm\gtc\reciprocal.hpp">
			<Filter>addons\ofxGLM\libs\glm\gtc</Filter>
		</ClInclude>
		<ClInclude Include="..\..\..\addons\ofxGLM\libs\glm\gtc\swizzle.hpp">
			<Filter>addons\ofxGLM\libs\glm\gtc</Filter>
		</ClInclude>
		<ClInclude Include="..\..\..\addons\ofxGLM\libs\glm\gtc\type_precision.hpp">
			<Filter>addons\ofxGLM\libs\glm\gtc</Filter>
		</ClInclude>
		<ClInclude Include="..\..\..\addons\ofxGLM\libs\glm\gtc\type_ptr.hpp">
			<Filter>addons\ofxGLM\libs\glm\gtc</Filter>
		</ClInclude>
		<ClInclude Include="..\..\..\addons\ofxGLM\libs\glm\gtc\ulp.hpp">
			<Filter>addons\ofxGLM\libs\glm\gtc</Filter>
		</ClInclude>
		<ClInclude Include="..\..\..\addons\ofxGLM\libs\glm\gtx\associated_min_max.hpp">
			<Filter>addons\ofxGLM\libs\glm\gtx</Filter>
		</ClInclude>
		<ClInclude Include="..\..\..\addons\ofxGLM\libs\glm\gtx\bit.hpp">
			<Filter>addons\ofxGLM\libs\glm\gtx</Filter>
		</ClInclude>
		<ClInclude Include="..\..\..\addons\ofxGLM\libs\glm\gtx\closest_point.hpp">
			<Filter>addons\ofxGLM\libs\glm\gtx</Filter>
		</ClInclude>
		<ClInclude Include="..\..\..\addons\ofxGLM\libs\glm\gtx\color_cast.hpp">
			<Filter>addons\ofxGLM\libs\glm\gtx</Filter>
		</ClInclude>
		<ClInclude Include="..\..\..\addons\ofxGLM\libs\glm\gtx\color_space.hpp">
			<Filter>addons\ofxGLM\libs\glm\gtx</Filter>
		</ClInclude>
		<ClInclude Include="..\..\..\addons\ofxGLM\libs\glm\gtx\color_space_YCoCg.hpp">
			<Filter>addons\ofxGLM\libs\glm\gtx</Filter>
		</ClInclude>
		<ClInclude Include="..\..\..\addons\ofxGLM\libs\glm\gtx\compatibility.hpp">
			<Filter>addons\ofxGLM\libs\glm\gtx</Filter>
		</ClInclude>
		<ClInclude Include="..\..\..\addons\ofxGLM\libs\glm\gtx\component_wise.hpp">
			<Filter>addons\ofxGLM\libs\glm\gtx</Filter>
		</ClInclude>
		<ClInclude Include="..\..\..\addons\ofxGLM\libs\glm\gtx\constants.hpp">
			<Filter>addons\ofxGLM\libs\glm\gtx</Filter>
		</ClInclude>
		<ClInclude Include="..\..\..\addons\ofxGLM\libs\glm\gtx\epsilon.hpp">
			<Filter>addons\ofxGLM\libs\glm\gtx</Filter>
		</ClInclude>
		<ClInclude Include="..\..\..\addons\ofxGLM\libs\glm\gtx\euler_angles.hpp">
			<Filter>addons\ofxGLM\libs\glm\gtx</Filter>
		</ClInclude>
		<ClInclude Include="..\..\..\addons\ofxGLM\libs\glm\gtx\extend.hpp">
			<Filter>addons\ofxGLM\libs\glm\gtx</Filter>
		</ClInclude>
		<ClInclude Include="..\..\..\addons\ofxGLM\libs\glm\gtx\extented_min_max.hpp">
			<Filter>addons\ofxGLM\libs\glm\gtx</Filter>
		</ClInclude>
		<ClInclude Include="..\..\..\addons\ofxGLM\libs\glm\gtx\fast_exponential.hpp">
			<Filter>addons\ofxGLM\libs\glm\gtx</Filter>
		</ClInclude>
		<ClInclude Include="..\..\..\addons\ofxGLM\libs\glm\gtx\fast_square_root.hpp">
			<Filter>addons\ofxGLM\libs\glm\gtx</Filter>
		</ClInclude>
		<ClInclude Include="..\..\..\addons\ofxGLM\libs\glm\gtx\fast_trigonometry.hpp">
			<Filter>addons\ofxGLM\libs\glm\gtx</Filter>
		</ClInclude>
		<ClInclude Include="..\..\..\addons\ofxGLM\libs\glm\gtx\gradient_paint.hpp">
			<Filter>addons\ofxGLM\libs\glm\gtx</Filter>
		</ClInclude>
		<ClInclude Include="..\..\..\addons\ofxGLM\libs\glm\gtx\handed_coordinate_space.hpp">
			<Filter>addons\ofxGLM\libs\glm\gtx</Filter>
		</ClInclude>
		<ClInclude Include="..\..\..\addons\ofxGLM\libs\glm\gtx\inertia.hpp">
			<Filter>addons\ofxGLM\libs\glm\gtx</Filter>
		</ClInclude>
		<ClInclude Include="..\..\..\addons\ofxGLM\libs\glm\gtx\integer.hpp">
			<Filter>addons\ofxGLM\libs\glm\gtx</Filter>
		</ClInclude>
		<ClInclude Include="..\..\..\addons\ofxGLM\libs\glm\gtx\intersect.hpp">
			<Filter>addons\ofxGLM\libs\glm\gtx</Filter>
		</ClInclude>
		<ClInclude Include="..\..\..\addons\ofxGLM\libs\glm\gtx\int_10_10_10_2.hpp">
			<Filter>addons\ofxGLM\libs\glm\gtx</Filter>
		</ClInclude>
		<ClInclude Include="..\..\..\addons\ofxGLM\libs\glm\gtx\log_base.hpp">
			<Filter>addons\ofxGLM\libs\glm\gtx</Filter>
		</ClInclude>
		<ClInclude Include="..\..\..\addons\ofxGLM\libs\glm\gtx\matrix_cross_product.hpp">
			<Filter>addons\ofxGLM\libs\glm\gtx</Filter>
		</ClInclude>
		<ClInclude Include="..\..\..\addons\ofxGLM\libs\glm\gtx\matrix_interpolation.hpp">
			<Filter>addons\ofxGLM\libs\glm\gtx</Filter>
		</ClInclude>
		<ClInclude Include="..\..\..\addons\ofxGLM\libs\glm\gtx\matrix_major_storage.hpp">
			<Filter>addons\ofxGLM\libs\glm\gtx</Filter>
		</ClInclude>
		<ClInclude Include="..\..\..\addons\ofxGLM\libs\glm\gtx\matrix_operation.hpp">
			<Filter>addons\ofxGLM\libs\glm\gtx</Filter>
		</ClInclude>
		<ClInclude Include="..\..\..\addons\ofxGLM\libs\glm\gtx\matrix_query.hpp">
			<Filter>addons\ofxGLM\libs\glm\gtx</Filter>
		</ClInclude>
		<ClInclude Include="..\..\..\addons\ofxGLM\libs\glm\gtx\mixed_product.hpp">
			<Filter>addons\ofxGLM\libs\glm\gtx</Filter>
		</ClInclude>
		<ClInclude Include="..\..\..\addons\ofxGLM\libs\glm\gtx\multiple.hpp">
			<Filter>addons\ofxGLM\libs\glm\gtx</Filter>
		</ClInclude>
		<ClInclude Include="..\..\..\addons\ofxGLM\libs\glm\gtx\noise.hpp">
			<Filter>addons\ofxGLM\libs\glm\gtx</Filter>
		</ClInclude>
		<ClInclude Include="..\..\..\addons\ofxGLM\libs\glm\gtx\norm.hpp">
			<Filter>addons\ofxGLM\libs\glm\gtx</Filter>
		</ClInclude>
		<ClInclude Include="..\..\..\addons\ofxGLM\libs\glm\gtx\normal.hpp">
			<Filter>addons\ofxGLM\libs\glm\gtx</Filter>
		</ClInclude>
		<ClInclude Include="..\..\..\addons\ofxGLM\libs\glm\gtx\normalize_dot.hpp">
			<Filter>addons\ofxGLM\libs\glm\gtx</Filter>
		</ClInclude>
		<ClInclude Include="..\..\..\addons\ofxGLM\libs\glm\gtx\number_precision.hpp">
			<Filter>addons\ofxGLM\libs\glm\gtx</Filter>
		</ClInclude>
		<ClInclude Include="..\..\..\addons\ofxGLM\libs\glm\gtx\ocl_type.hpp">
			<Filter>addons\ofxGLM\libs\glm\gtx</Filter>
		</ClInclude>
		<ClInclude Include="..\..\..\addons\ofxGLM\libs\glm\gtx\optimum_pow.hpp">
			<Filter>addons\ofxGLM\libs\glm\gtx</Filter>
		</ClInclude>
		<ClInclude Include="..\..\..\addons\ofxGLM\libs\glm\gtx\orthonormalize.hpp">
			<Filter>addons\ofxGLM\libs\glm\gtx</Filter>
		</ClInclude>
		<ClInclude Include="..\..\..\addons\ofxGLM\libs\glm\gtx\perpendicular.hpp">
			<Filter>addons\ofxGLM\libs\glm\gtx</Filter>
		</ClInclude>
		<ClInclude Include="..\..\..\addons\ofxGLM\libs\glm\gtx\polar_coordinates.hpp">
			<Filter>addons\ofxGLM\libs\glm\gtx</Filter>
		</ClInclude>
		<ClInclude Include="..\..\..\addons\ofxGLM\libs\glm\gtx\projection.hpp">
			<Filter>addons\ofxGLM\libs\glm\gtx</Filter>
		</ClInclude>
		<ClInclude Include="..\..\..\addons\ofxGLM\libs\glm\gtx\quaternion.hpp">
			<Filter>addons\ofxGLM\libs\glm\gtx</Filter>
		</ClInclude>
		<ClInclude Include="..\..\..\addons\ofxGLM\libs\glm\gtx\random.hpp">
			<Filter>addons\ofxGLM\libs\glm\gtx</Filter>
		</ClInclude>
		<ClInclude Include="..\..\..\addons\ofxGLM\libs\glm\gtx\raw_data.hpp">
			<Filter>addons\ofxGLM\libs\glm\gtx</Filter>
		</ClInclude>
		<ClInclude Include="..\..\..\addons\ofxGLM\libs\glm\gtx\reciprocal.hpp">
			<Filter>addons\ofxGLM\libs\glm\gtx</Filter>
		</ClInclude>
		<ClInclude Include="..\..\..\addons\ofxGLM\libs\glm\gtx\rotate_vector.hpp">
			<Filter>addons\ofxGLM\libs\glm\gtx</Filter>
		</ClInclude>
		<ClInclude Include="..\..\..\addons\ofxGLM\libs\glm\gtx\simd_mat4.hpp">
			<Filter>addons\ofxGLM\libs\glm\gtx</Filter>
		</ClInclude>
		<ClInclude Include="..\..\..\addons\ofxGLM\libs\glm\gtx\simd_vec4.hpp">
			<Filter>addons\ofxGLM\libs\glm\gtx</Filter>
		</ClInclude>
		<ClInclude Include="..\..\..\addons\ofxGLM\libs\glm\gtx\spline.hpp">
			<Filter>addons\ofxGLM\libs\glm\gtx</Filter>
		</ClInclude>
		<ClInclude Include="..\..\..\addons\ofxGLM\libs\glm\gtx\std_based_type.hpp">
			<Filter>addons\ofxGLM\libs\glm\gtx</Filter>
		</ClInclude>
		<ClInclude Include="..\..\..\addons\ofxGLM\libs\glm\gtx\string_cast.hpp">
			<Filter>addons\ofxGLM\libs\glm\gtx</Filter>
		</ClInclude>
		<ClInclude Include="..\..\..\addons\ofxGLM\libs\glm\gtx\transform.hpp">
			<Filter>addons\ofxGLM\libs\glm\gtx</Filter>
		</ClInclude>
		<ClInclude Include="..\..\..\addons\ofxGLM\libs\glm\gtx\transform2.hpp">
			<Filter>addons\ofxGLM\libs\glm\gtx</Filter>
		</ClInclude>
		<ClInclude Include="..\..\..\addons\ofxGLM\libs\glm\gtx\ulp.hpp">
			<Filter>addons\ofxGLM\libs\glm\gtx</Filter>
		</ClInclude>
		<ClInclude Include="..\..\..\addons\ofxGLM\libs\glm\gtx\unsigned_int.hpp">
			<Filter>addons\ofxGLM\libs\glm\gtx</Filter>
		</ClInclude>
		<ClInclude Include="..\..\..\addons\ofxGLM\libs\glm\gtx\vec1.hpp">
			<Filter>addons\ofxGLM\libs\glm\gtx</Filter>
		</ClInclude>
		<ClInclude Include="..\..\..\addons\ofxGLM\libs\glm\gtx\vector_access.hpp">
			<Filter>addons\ofxGLM\libs\glm\gtx</Filter>
		</ClInclude>
		<ClInclude Include="..\..\..\addons\ofxGLM\libs\glm\gtx\vector_angle.hpp">
			<Filter>addons\ofxGLM\libs\glm\gtx</Filter>
		</ClInclude>
		<ClInclude Include="..\..\..\addons\ofxGLM\libs\glm\gtx\vector_query.hpp">
			<Filter>addons\ofxGLM\libs\glm\gtx</Filter>
		</ClInclude>
		<ClInclude Include="..\..\..\addons\ofxGLM\libs\glm\gtx\verbose_operator.hpp">
			<Filter>addons\ofxGLM\libs\glm\gtx</Filter>
		</ClInclude>
		<ClInclude Include="..\..\..\addons\ofxGLM\libs\glm\gtx\wrap.hpp">
			<Filter>addons\ofxGLM\libs\glm\gtx</Filter>
		</ClInclude>
		<ClInclude Include="..\..\..\addons\ofxGLM\libs\glm\virtrev\xstream.hpp">
			<Filter>addons\ofxGLM\libs\glm\virtrev</Filter>
		</ClInclude>
		<ClInclude Include="..\..\..\addons\ofxGui\src\ofxBaseGui.h">
			<Filter>addons\ofxGui\src</Filter>
		</ClInclude>
		<ClInclude Include="..\..\..\addons\ofxGui\src\ofxButton.h">
			<Filter>addons\ofxGui\src</Filter>
		</ClInclude>
		<ClInclude Include="..\..\..\addons\ofxGui\src\ofxGui.h">
			<Filter>addons\ofxGui\src</Filter>
		</ClInclude>
		<ClInclude Include="..\..\..\addons\ofxGui\src\ofxGuiGroup.h">
			<Filter>addons\ofxGui\src</Filter>
		</ClInclude>
		<ClInclude Include="..\..\..\addons\ofxGui\src\ofxLabel.h">
			<Filter>addons\ofxGui\src</Filter>
		</ClInclude>
		<ClInclude Include="..\..\..\addons\ofxGui\src\ofxPanel.h">
			<Filter>addons\ofxGui\src</Filter>
		</ClInclude>
		<ClInclude Include="..\..\..\addons\ofxGui\src\ofxSlider.h">
			<Filter>addons\ofxGui\src</Filter>
		</ClInclude>
		<ClInclude Include="..\..\..\addons\ofxGui\src\ofxSliderGroup.h">
			<Filter>addons\ofxGui\src</Filter>
		</ClInclude>
		<ClInclude Include="..\..\..\addons\ofxGui\src\ofxToggle.h">
			<Filter>addons\ofxGui\src</Filter>
		</ClInclude>
		<ClInclude Include="..\..\..\addons\ofxPostProcessing\src\BleachBypassPass.h">
			<Filter>addons\ofxPostProcessing\src</Filter>
		</ClInclude>
		<ClInclude Include="..\..\..\addons\ofxPostProcessing\src\BloomPass.h">
			<Filter>addons\ofxPostProcessing\src</Filter>
		</ClInclude>
		<ClInclude Include="..\..\..\addons\ofxPostProcessing\src\ContrastPass.h">
			<Filter>addons\ofxPostProcessing\src</Filter>
		</ClInclude>
		<ClInclude Include="..\..\..\addons\ofxPostProcessing\src\ConvolutionPass.h">
			<Filter>addons\ofxPostProcessing\src</Filter>
		</ClInclude>
		<ClInclude Include="..\..\..\addons\ofxPostProcessing\src\DofAltPass.h">
			<Filter>addons\ofxPostProcessing\src</Filter>
		</ClInclude>
		<ClInclude Include="..\..\..\addons\ofxPostProcessing\src\DofPass.h">
			<Filter>addons\ofxPostProcessing\src</Filter>
		</ClInclude>
		<ClInclude Include="..\..\..\addons\ofxPostProcessing\src\EdgePass.h">
			<Filter>addons\ofxPostProcessing\src</Filter>
		</ClInclude>
		<ClInclude Include="..\..\..\addons\ofxPostProcessing\src\FakeSSSPass.h">
			<Filter>addons\ofxPostProcessing\src</Filter>
		</ClInclude>
		<ClInclude Include="..\..\..\addons\ofxPostProcessing\src\FxaaPass.h">
			<Filter>addons\ofxPostProcessing\src</Filter>
		</ClInclude>
		<ClInclude Include="..\..\..\addons\ofxPostProcessing\src\GodRaysPass.h">
			<Filter>addons\ofxPostProcessing\src</Filter>
		</ClInclude>
		<ClInclude Include="..\..\..\addons\ofxPostProcessing\src\HorizontalTiltShifPass.h">
			<Filter>addons\ofxPostProcessing\src</Filter>
		</ClInclude>
		<ClInclude Include="..\..\..\addons\ofxPostProcessing\src\HsbShiftPass.h">
			<Filter>addons\ofxPostProcessing\src</Filter>
		</ClInclude>
		<ClInclude Include="..\..\..\addons\ofxPostProcessing\src\KaleidoscopePass.h">
			<Filter>addons\ofxPostProcessing\src</Filter>
		</ClInclude>
		<ClInclude Include="..\..\..\addons\ofxPostProcessing\src\LimbDarkeningPass.h">
			<Filter>addons\ofxPostProcessing\src</Filter>
		</ClInclude>
		<ClInclude Include="..\..\..\addons\ofxPostProcessing\src\LUTPass.h">
			<Filter>addons\ofxPostProcessing\src</Filter>
		</ClInclude>
		<ClInclude Include="..\..\..\addons\ofxPostProcessing\src\NoiseWarpPass.h">
			<Filter>addons\ofxPostProcessing\src</Filter>
		</ClInclude>
		<ClInclude Include="..\..\..\addons\ofxPostProcessing\src\ofxPostProcessing.h">
			<Filter>addons\ofxPostProcessing\src</Filter>
		</ClInclude>
		<ClInclude Include="..\..\..\addons\ofxPostProcessing\src\PixelatePass.h">
			<Filter>addons\ofxPostProcessing\src</Filter>
		</ClInclude>
		<ClInclude Include="..\..\..\addons\ofxPostProcessing\src\PostProcessing.h">
			<Filter>addons\ofxPostProcessing\src</Filter>
		</ClInclude>
		<ClInclude Include="..\..\..\addons\ofxPostProcessing\src\RenderPass.h">
			<Filter>addons\ofxPostProcessing\src</Filter>
		</ClInclude>
		<ClInclude Include="..\..\..\addons\ofxPostProcessing\src\RGBShiftPass.h">
			<Filter>addons\ofxPostProcessing\src</Filter>
		</ClInclude>
		<ClInclude Include="..\..\..\addons\ofxPostProcessing\src\RimHighlightingPass.h">
			<Filter>addons\ofxPostProcessing\src</Filter>
		</ClInclude>
		<ClInclude Include="..\..\..\addons\ofxPostProcessing\src\SSAOPass.h">
			<Filter>addons\ofxPostProcessing\src</Filter>
		</ClInclude>
		<ClInclude Include="..\..\..\addons\ofxPostProcessing\src\ToonPass.h">
			<Filter>addons\ofxPostProcessing\src</Filter>
		</ClInclude>
		<ClInclude Include="..\..\..\addons\ofxPostProcessing\src\VerticalTiltShifPass.h">
			<Filter>addons\ofxPostProcessing\src</Filter>
		</ClInclude>
		<ClInclude Include="..\..\..\addons\ofxPostProcessing\src\ZoomBlurPass.h">
			<Filter>addons\ofxPostProcessing\src</Filter>
		</ClInclude>
	</ItemGroup>
	<ItemGroup>
		<ResourceCompile Include="icon.rc" />
	</ItemGroup>
</Project>
